// !$*UTF8*$!
{
	archiveVersion = 1;
	classes = {
	};
	objectVersion = 55;
	objects = {

/* Begin PBXBuildFile section */
		DC0C47102784883A002C6844 /* Colors.swift in Sources */ = {isa = PBXBuildFile; fileRef = DC0C470F2784883A002C6844 /* Colors.swift */; };
		DC21BD0C2771EC3400AC2EFE /* NotificationManager+singleton.swift in Sources */ = {isa = PBXBuildFile; fileRef = DC21BD0B2771EC3400AC2EFE /* NotificationManager+singleton.swift */; };
		DC3F1339272F11C900D1C517 /* AppDelegate.swift in Sources */ = {isa = PBXBuildFile; fileRef = DC3F1338272F11C900D1C517 /* AppDelegate.swift */; };
		DC3F133B272F11C900D1C517 /* SceneDelegate.swift in Sources */ = {isa = PBXBuildFile; fileRef = DC3F133A272F11C900D1C517 /* SceneDelegate.swift */; };
		DC3F1340272F11C900D1C517 /* Main.storyboard in Resources */ = {isa = PBXBuildFile; fileRef = DC3F133E272F11C900D1C517 /* Main.storyboard */; };
		DC3F1343272F11C900D1C517 /* eventChecker.xcdatamodeld in Sources */ = {isa = PBXBuildFile; fileRef = DC3F1341272F11C900D1C517 /* eventChecker.xcdatamodeld */; };
		DC3F1345272F11C900D1C517 /* Assets.xcassets in Resources */ = {isa = PBXBuildFile; fileRef = DC3F1344272F11C900D1C517 /* Assets.xcassets */; };
		DC3F1348272F11C900D1C517 /* LaunchScreen.storyboard in Resources */ = {isa = PBXBuildFile; fileRef = DC3F1346272F11C900D1C517 /* LaunchScreen.storyboard */; };
		DC44BFB4296DD8B100F412FF /* User.swift in Sources */ = {isa = PBXBuildFile; fileRef = DC44BFB3296DD8B100F412FF /* User.swift */; };
		DC4C8DC92736D199006FC381 /* ScreenForSaveViewController.swift in Sources */ = {isa = PBXBuildFile; fileRef = DC4C8DC82736D199006FC381 /* ScreenForSaveViewController.swift */; };
		DC4C8DCF2737FD5E006FC381 /* UIButton+roundedButton+colorButton.swift in Sources */ = {isa = PBXBuildFile; fileRef = DC4C8DCE2737FD5E006FC381 /* UIButton+roundedButton+colorButton.swift */; };
		DC520FC7274E9CAC00D5C368 /* UserDefaultsManager.swift in Sources */ = {isa = PBXBuildFile; fileRef = DC520FC6274E9CAC00D5C368 /* UserDefaultsManager.swift */; };
		DC520FC92754119100D5C368 /* UserManager+constants.swift in Sources */ = {isa = PBXBuildFile; fileRef = DC520FC82754119100D5C368 /* UserManager+constants.swift */; };
		DC5B19382758CF6400944323 /* TrashTableViewController.swift in Sources */ = {isa = PBXBuildFile; fileRef = DC5B19372758CF6400944323 /* TrashTableViewController.swift */; };
		DC8B2DC027398393005FE86C /* UITextField+roundedTextField+colorTextField.swift in Sources */ = {isa = PBXBuildFile; fileRef = DC8B2DBF27398393005FE86C /* UITextField+roundedTextField+colorTextField.swift */; };
		DCB01C4527664F4000B592F4 /* NotificationManager.swift in Sources */ = {isa = PBXBuildFile; fileRef = DCB01C4427664F4000B592F4 /* NotificationManager.swift */; };
		DCF089C827315A8200143794 /* BirthdaysListTableViewController.swift in Sources */ = {isa = PBXBuildFile; fileRef = DCF089C727315A8200143794 /* BirthdaysListTableViewController.swift */; };
		DCF089CB27315B7C00143794 /* PersonInfoTableViewCell.swift in Sources */ = {isa = PBXBuildFile; fileRef = DCF089C927315B7C00143794 /* PersonInfoTableViewCell.swift */; };
		DCF089CC27315B7C00143794 /* PersonInfoTableViewCell.xib in Resources */ = {isa = PBXBuildFile; fileRef = DCF089CA27315B7C00143794 /* PersonInfoTableViewCell.xib */; };
		DCFC53E4275805B700F8BF36 /* UserManager+singleton.swift in Sources */ = {isa = PBXBuildFile; fileRef = DCFC53E3275805B700F8BF36 /* UserManager+singleton.swift */; };
/* End PBXBuildFile section */

/* Begin PBXFileReference section */
		DC0C470F2784883A002C6844 /* Colors.swift */ = {isa = PBXFileReference; lastKnownFileType = sourcecode.swift; path = Colors.swift; sourceTree = "<group>"; };
		DC21BD0A276FA0B100AC2EFE /* en */ = {isa = PBXFileReference; lastKnownFileType = text.plist.strings; name = en; path = en.lproj/Main.strings; sourceTree = "<group>"; };
		DC21BD0B2771EC3400AC2EFE /* NotificationManager+singleton.swift */ = {isa = PBXFileReference; lastKnownFileType = sourcecode.swift; path = "NotificationManager+singleton.swift"; sourceTree = "<group>"; };
		DC3F1335272F11C900D1C517 /* eventChecker.app */ = {isa = PBXFileReference; explicitFileType = wrapper.application; includeInIndex = 0; path = eventChecker.app; sourceTree = BUILT_PRODUCTS_DIR; };
		DC3F1338272F11C900D1C517 /* AppDelegate.swift */ = {isa = PBXFileReference; lastKnownFileType = sourcecode.swift; path = AppDelegate.swift; sourceTree = "<group>"; };
		DC3F133A272F11C900D1C517 /* SceneDelegate.swift */ = {isa = PBXFileReference; lastKnownFileType = sourcecode.swift; path = SceneDelegate.swift; sourceTree = "<group>"; };
		DC3F133F272F11C900D1C517 /* Base */ = {isa = PBXFileReference; lastKnownFileType = file.storyboard; name = Base; path = Base.lproj/Main.storyboard; sourceTree = "<group>"; };
		DC3F1342272F11C900D1C517 /* eventChecker.xcdatamodel */ = {isa = PBXFileReference; lastKnownFileType = wrapper.xcdatamodel; path = eventChecker.xcdatamodel; sourceTree = "<group>"; };
		DC3F1344272F11C900D1C517 /* Assets.xcassets */ = {isa = PBXFileReference; lastKnownFileType = folder.assetcatalog; path = Assets.xcassets; sourceTree = "<group>"; };
		DC3F1347272F11C900D1C517 /* Base */ = {isa = PBXFileReference; lastKnownFileType = file.storyboard; name = Base; path = Base.lproj/LaunchScreen.storyboard; sourceTree = "<group>"; };
		DC3F1349272F11C900D1C517 /* Info.plist */ = {isa = PBXFileReference; lastKnownFileType = text.plist.xml; path = Info.plist; sourceTree = "<group>"; };
		DC44BFB3296DD8B100F412FF /* User.swift */ = {isa = PBXFileReference; lastKnownFileType = sourcecode.swift; path = User.swift; sourceTree = "<group>"; };
		DC4C8DC82736D199006FC381 /* ScreenForSaveViewController.swift */ = {isa = PBXFileReference; lastKnownFileType = sourcecode.swift; path = ScreenForSaveViewController.swift; sourceTree = "<group>"; };
		DC4C8DCE2737FD5E006FC381 /* UIButton+roundedButton+colorButton.swift */ = {isa = PBXFileReference; lastKnownFileType = sourcecode.swift; path = "UIButton+roundedButton+colorButton.swift"; sourceTree = "<group>"; };
		DC520FC6274E9CAC00D5C368 /* UserDefaultsManager.swift */ = {isa = PBXFileReference; lastKnownFileType = sourcecode.swift; path = UserDefaultsManager.swift; sourceTree = "<group>"; };
		DC520FC82754119100D5C368 /* UserManager+constants.swift */ = {isa = PBXFileReference; lastKnownFileType = sourcecode.swift; path = "UserManager+constants.swift"; sourceTree = "<group>"; };
		DC5B19372758CF6400944323 /* TrashTableViewController.swift */ = {isa = PBXFileReference; lastKnownFileType = sourcecode.swift; path = TrashTableViewController.swift; sourceTree = "<group>"; };
		DC8B2DBF27398393005FE86C /* UITextField+roundedTextField+colorTextField.swift */ = {isa = PBXFileReference; lastKnownFileType = sourcecode.swift; path = "UITextField+roundedTextField+colorTextField.swift"; sourceTree = "<group>"; };
		DCB01C4427664F4000B592F4 /* NotificationManager.swift */ = {isa = PBXFileReference; lastKnownFileType = sourcecode.swift; path = NotificationManager.swift; sourceTree = "<group>"; };
		DCF089C727315A8200143794 /* BirthdaysListTableViewController.swift */ = {isa = PBXFileReference; lastKnownFileType = sourcecode.swift; path = BirthdaysListTableViewController.swift; sourceTree = "<group>"; };
		DCF089C927315B7C00143794 /* PersonInfoTableViewCell.swift */ = {isa = PBXFileReference; lastKnownFileType = sourcecode.swift; path = PersonInfoTableViewCell.swift; sourceTree = "<group>"; };
		DCF089CA27315B7C00143794 /* PersonInfoTableViewCell.xib */ = {isa = PBXFileReference; lastKnownFileType = file.xib; path = PersonInfoTableViewCell.xib; sourceTree = "<group>"; };
		DCFC53E3275805B700F8BF36 /* UserManager+singleton.swift */ = {isa = PBXFileReference; lastKnownFileType = sourcecode.swift; path = "UserManager+singleton.swift"; sourceTree = "<group>"; };
/* End PBXFileReference section */

/* Begin PBXFrameworksBuildPhase section */
		DC3F1332272F11C900D1C517 /* Frameworks */ = {
			isa = PBXFrameworksBuildPhase;
			buildActionMask = 2147483647;
			files = (
			);
			runOnlyForDeploymentPostprocessing = 0;
		};
/* End PBXFrameworksBuildPhase section */

/* Begin PBXGroup section */
		DC0C471127878AAB002C6844 /* Assets */ = {
			isa = PBXGroup;
			children = (
				DC3F1344272F11C900D1C517 /* Assets.xcassets */,
				DC0C470F2784883A002C6844 /* Colors.swift */,
			);
			path = Assets;
			sourceTree = "<group>";
		};
		DC3571982731972600BB7D3C /* Storyboard */ = {
			isa = PBXGroup;
			children = (
				DC3F1346272F11C900D1C517 /* LaunchScreen.storyboard */,
				DC3F133E272F11C900D1C517 /* Main.storyboard */,
			);
			path = Storyboard;
			sourceTree = "<group>";
		};
		DC3571992731974E00BB7D3C /* XIB */ = {
			isa = PBXGroup;
			children = (
				DC35719B2731976600BB7D3C /* XIBView */,
				DC35719A2731975A00BB7D3C /* XIBClass */,
			);
			path = XIB;
			sourceTree = "<group>";
		};
		DC35719A2731975A00BB7D3C /* XIBClass */ = {
			isa = PBXGroup;
			children = (
				DCF089C927315B7C00143794 /* PersonInfoTableViewCell.swift */,
			);
			path = XIBClass;
			sourceTree = "<group>";
		};
		DC35719B2731976600BB7D3C /* XIBView */ = {
			isa = PBXGroup;
			children = (
				DCF089CA27315B7C00143794 /* PersonInfoTableViewCell.xib */,
			);
			path = XIBView;
			sourceTree = "<group>";
		};
		DC3F132C272F11C900D1C517 = {
			isa = PBXGroup;
			children = (
				DC3F1337272F11C900D1C517 /* eventChecker */,
				DC3F1336272F11C900D1C517 /* Products */,
			);
			sourceTree = "<group>";
		};
		DC3F1336272F11C900D1C517 /* Products */ = {
			isa = PBXGroup;
			children = (
				DC3F1335272F11C900D1C517 /* eventChecker.app */,
			);
			name = Products;
			sourceTree = "<group>";
		};
		DC3F1337272F11C900D1C517 /* eventChecker */ = {
			isa = PBXGroup;
			children = (
				DC0C471127878AAB002C6844 /* Assets */,
				DCF089C52731578100143794 /* Controllers */,
				DCF089C32731574100143794 /* Delegates */,
				DC3F1341272F11C900D1C517 /* eventChecker.xcdatamodeld */,
				DC4C8DCD2737FD28006FC381 /* Extensions */,
				DC3F1349272F11C900D1C517 /* Info.plist */,
				DC520FC5274E9C6900D5C368 /* Managers */,
				DC44BFB2296DD8A200F412FF /* Models */,
				DCF089C42731575900143794 /* Views */,
			);
			path = eventChecker;
			sourceTree = "<group>";
		};
		DC44BFB2296DD8A200F412FF /* Models */ = {
			isa = PBXGroup;
			children = (
				DC44BFB3296DD8B100F412FF /* User.swift */,
			);
			path = Models;
			sourceTree = "<group>";
		};
		DC44BFB5296DDBC900F412FF /* UIButton */ = {
			isa = PBXGroup;
			children = (
				DC4C8DCE2737FD5E006FC381 /* UIButton+roundedButton+colorButton.swift */,
			);
			path = UIButton;
			sourceTree = "<group>";
		};
		DC44BFB6296DDBD400F412FF /* UITextField */ = {
			isa = PBXGroup;
			children = (
				DC8B2DBF27398393005FE86C /* UITextField+roundedTextField+colorTextField.swift */,
			);
			path = UITextField;
			sourceTree = "<group>";
		};
		DC44BFB8296DDBE700F412FF /* UserManager */ = {
			isa = PBXGroup;
			children = (
				DCFC53E3275805B700F8BF36 /* UserManager+singleton.swift */,
				DC520FC82754119100D5C368 /* UserManager+constants.swift */,
			);
			path = UserManager;
			sourceTree = "<group>";
		};
		DC44BFB9296DDBF200F412FF /* NotificationManager */ = {
			isa = PBXGroup;
			children = (
				DC21BD0B2771EC3400AC2EFE /* NotificationManager+singleton.swift */,
			);
			path = NotificationManager;
			sourceTree = "<group>";
		};
		DC4C8DCD2737FD28006FC381 /* Extensions */ = {
			isa = PBXGroup;
			children = (
				DC44BFB9296DDBF200F412FF /* NotificationManager */,
				DC44BFB5296DDBC900F412FF /* UIButton */,
				DC44BFB6296DDBD400F412FF /* UITextField */,
				DC44BFB8296DDBE700F412FF /* UserManager */,
			);
			path = Extensions;
			sourceTree = "<group>";
		};
		DC520FC5274E9C6900D5C368 /* Managers */ = {
			isa = PBXGroup;
			children = (
				DC520FC6274E9CAC00D5C368 /* UserDefaultsManager.swift */,
				DCB01C4427664F4000B592F4 /* NotificationManager.swift */,
			);
			path = Managers;
			sourceTree = "<group>";
		};
		DCF089C32731574100143794 /* Delegates */ = {
			isa = PBXGroup;
			children = (
				DC3F1338272F11C900D1C517 /* AppDelegate.swift */,
				DC3F133A272F11C900D1C517 /* SceneDelegate.swift */,
			);
			path = Delegates;
			sourceTree = "<group>";
		};
		DCF089C42731575900143794 /* Views */ = {
			isa = PBXGroup;
			children = (
				DC3571992731974E00BB7D3C /* XIB */,
				DC3571982731972600BB7D3C /* Storyboard */,
			);
			path = Views;
			sourceTree = "<group>";
		};
		DCF089C52731578100143794 /* Controllers */ = {
			isa = PBXGroup;
			children = (
				DCF089C727315A8200143794 /* BirthdaysListTableViewController.swift */,
				DC4C8DC82736D199006FC381 /* ScreenForSaveViewController.swift */,
				DC5B19372758CF6400944323 /* TrashTableViewController.swift */,
			);
			path = Controllers;
			sourceTree = "<group>";
		};
/* End PBXGroup section */

/* Begin PBXNativeTarget section */
		DC3F1334272F11C900D1C517 /* eventChecker */ = {
			isa = PBXNativeTarget;
			buildConfigurationList = DC3F134C272F11C900D1C517 /* Build configuration list for PBXNativeTarget "eventChecker" */;
			buildPhases = (
				DC3F1331272F11C900D1C517 /* Sources */,
				DC3F1332272F11C900D1C517 /* Frameworks */,
				DC3F1333272F11C900D1C517 /* Resources */,
				74F8904327A725850082BF87 /* ShellScript */,
			);
			buildRules = (
			);
			dependencies = (
			);
			name = eventChecker;
			productName = eventChecker;
			productReference = DC3F1335272F11C900D1C517 /* eventChecker.app */;
			productType = "com.apple.product-type.application";
		};
/* End PBXNativeTarget section */

/* Begin PBXProject section */
		DC3F132D272F11C900D1C517 /* Project object */ = {
			isa = PBXProject;
			attributes = {
				BuildIndependentTargetsInParallel = 1;
				LastSwiftUpdateCheck = 1310;
				LastUpgradeCheck = 1310;
				TargetAttributes = {
					DC3F1334272F11C900D1C517 = {
						CreatedOnToolsVersion = 13.1;
					};
				};
			};
			buildConfigurationList = DC3F1330272F11C900D1C517 /* Build configuration list for PBXProject "eventChecker" */;
			compatibilityVersion = "Xcode 13.0";
			developmentRegion = en;
			hasScannedForEncodings = 0;
			knownRegions = (
				en,
				Base,
			);
			mainGroup = DC3F132C272F11C900D1C517;
			productRefGroup = DC3F1336272F11C900D1C517 /* Products */;
			projectDirPath = "";
			projectRoot = "";
			targets = (
				DC3F1334272F11C900D1C517 /* eventChecker */,
			);
		};
/* End PBXProject section */

/* Begin PBXResourcesBuildPhase section */
		DC3F1333272F11C900D1C517 /* Resources */ = {
			isa = PBXResourcesBuildPhase;
			buildActionMask = 2147483647;
			files = (
				DC3F1348272F11C900D1C517 /* LaunchScreen.storyboard in Resources */,
				DCF089CC27315B7C00143794 /* PersonInfoTableViewCell.xib in Resources */,
				DC3F1345272F11C900D1C517 /* Assets.xcassets in Resources */,
				DC3F1340272F11C900D1C517 /* Main.storyboard in Resources */,
			);
			runOnlyForDeploymentPostprocessing = 0;
		};
/* End PBXResourcesBuildPhase section */

/* Begin PBXShellScriptBuildPhase section */
		74F8904327A725850082BF87 /* ShellScript */ = {
			isa = PBXShellScriptBuildPhase;
			buildActionMask = 2147483647;
			files = (
			);
			inputFileListPaths = (
			);
			inputPaths = (
			);
			outputFileListPaths = (
			);
			outputPaths = (
			);
			runOnlyForDeploymentPostprocessing = 0;
			shellPath = /bin/sh;
			shellScript = "if test -d \"/opt/homebrew/bin/\"; then\n  PATH=\"/opt/homebrew/bin/:${PATH}\"\nfi\n\nexport PATH\n\nif which swiftlint >/dev/null; then\n  swiftlint\nelse\n  echo \"warning: SwiftLint not installed, download from https://github.com/realm/SwiftLint\"\nfi\n\n";
		};
/* End PBXShellScriptBuildPhase section */

/* Begin PBXSourcesBuildPhase section */
		DC3F1331272F11C900D1C517 /* Sources */ = {
			isa = PBXSourcesBuildPhase;
			buildActionMask = 2147483647;
			files = (
				DCF089CB27315B7C00143794 /* PersonInfoTableViewCell.swift in Sources */,
				DC3F1343272F11C900D1C517 /* eventChecker.xcdatamodeld in Sources */,
				DC5B19382758CF6400944323 /* TrashTableViewController.swift in Sources */,
				DC21BD0C2771EC3400AC2EFE /* NotificationManager+singleton.swift in Sources */,
				DC44BFB4296DD8B100F412FF /* User.swift in Sources */,
				DC3F1339272F11C900D1C517 /* AppDelegate.swift in Sources */,
				DCB01C4527664F4000B592F4 /* NotificationManager.swift in Sources */,
				DC3F133B272F11C900D1C517 /* SceneDelegate.swift in Sources */,
				DC0C47102784883A002C6844 /* Colors.swift in Sources */,
				DC4C8DCF2737FD5E006FC381 /* UIButton+roundedButton+colorButton.swift in Sources */,
				DCFC53E4275805B700F8BF36 /* UserManager+singleton.swift in Sources */,
				DC520FC7274E9CAC00D5C368 /* UserDefaultsManager.swift in Sources */,
				DC8B2DC027398393005FE86C /* UITextField+roundedTextField+colorTextField.swift in Sources */,
				DCF089C827315A8200143794 /* BirthdaysListTableViewController.swift in Sources */,
				DC4C8DC92736D199006FC381 /* ScreenForSaveViewController.swift in Sources */,
				DC520FC92754119100D5C368 /* UserManager+constants.swift in Sources */,
			);
			runOnlyForDeploymentPostprocessing = 0;
		};
/* End PBXSourcesBuildPhase section */

/* Begin PBXVariantGroup section */
		DC3F133E272F11C900D1C517 /* Main.storyboard */ = {
			isa = PBXVariantGroup;
			children = (
				DC3F133F272F11C900D1C517 /* Base */,
				DC21BD0A276FA0B100AC2EFE /* en */,
			);
			name = Main.storyboard;
			sourceTree = "<group>";
		};
		DC3F1346272F11C900D1C517 /* LaunchScreen.storyboard */ = {
			isa = PBXVariantGroup;
			children = (
				DC3F1347272F11C900D1C517 /* Base */,
			);
			name = LaunchScreen.storyboard;
			sourceTree = "<group>";
		};
/* End PBXVariantGroup section */

/* Begin XCBuildConfiguration section */
		DC3F134A272F11C900D1C517 /* Debug */ = {
			isa = XCBuildConfiguration;
			buildSettings = {
				ALWAYS_SEARCH_USER_PATHS = NO;
				CLANG_ANALYZER_NONNULL = YES;
				CLANG_ANALYZER_NUMBER_OBJECT_CONVERSION = YES_AGGRESSIVE;
				CLANG_CXX_LANGUAGE_STANDARD = "gnu++17";
				CLANG_CXX_LIBRARY = "libc++";
				CLANG_ENABLE_MODULES = YES;
				CLANG_ENABLE_OBJC_ARC = YES;
				CLANG_ENABLE_OBJC_WEAK = YES;
				CLANG_WARN_BLOCK_CAPTURE_AUTORELEASING = YES;
				CLANG_WARN_BOOL_CONVERSION = YES;
				CLANG_WARN_COMMA = YES;
				CLANG_WARN_CONSTANT_CONVERSION = YES;
				CLANG_WARN_DEPRECATED_OBJC_IMPLEMENTATIONS = YES;
				CLANG_WARN_DIRECT_OBJC_ISA_USAGE = YES_ERROR;
				CLANG_WARN_DOCUMENTATION_COMMENTS = YES;
				CLANG_WARN_EMPTY_BODY = YES;
				CLANG_WARN_ENUM_CONVERSION = YES;
				CLANG_WARN_INFINITE_RECURSION = YES;
				CLANG_WARN_INT_CONVERSION = YES;
				CLANG_WARN_NON_LITERAL_NULL_CONVERSION = YES;
				CLANG_WARN_OBJC_IMPLICIT_RETAIN_SELF = YES;
				CLANG_WARN_OBJC_LITERAL_CONVERSION = YES;
				CLANG_WARN_OBJC_ROOT_CLASS = YES_ERROR;
				CLANG_WARN_QUOTED_INCLUDE_IN_FRAMEWORK_HEADER = YES;
				CLANG_WARN_RANGE_LOOP_ANALYSIS = YES;
				CLANG_WARN_STRICT_PROTOTYPES = YES;
				CLANG_WARN_SUSPICIOUS_MOVE = YES;
				CLANG_WARN_UNGUARDED_AVAILABILITY = YES_AGGRESSIVE;
				CLANG_WARN_UNREACHABLE_CODE = YES;
				CLANG_WARN__DUPLICATE_METHOD_MATCH = YES;
				COPY_PHASE_STRIP = NO;
				DEBUG_INFORMATION_FORMAT = dwarf;
				ENABLE_STRICT_OBJC_MSGSEND = YES;
				ENABLE_TESTABILITY = YES;
				GCC_C_LANGUAGE_STANDARD = gnu11;
				GCC_DYNAMIC_NO_PIC = NO;
				GCC_NO_COMMON_BLOCKS = YES;
				GCC_OPTIMIZATION_LEVEL = 0;
				GCC_PREPROCESSOR_DEFINITIONS = (
					"DEBUG=1",
					"$(inherited)",
				);
				GCC_WARN_64_TO_32_BIT_CONVERSION = YES;
				GCC_WARN_ABOUT_RETURN_TYPE = YES_ERROR;
				GCC_WARN_UNDECLARED_SELECTOR = YES;
				GCC_WARN_UNINITIALIZED_AUTOS = YES_AGGRESSIVE;
				GCC_WARN_UNUSED_FUNCTION = YES;
				GCC_WARN_UNUSED_VARIABLE = YES;
				IPHONEOS_DEPLOYMENT_TARGET = 15.0;
				MTL_ENABLE_DEBUG_INFO = INCLUDE_SOURCE;
				MTL_FAST_MATH = YES;
				ONLY_ACTIVE_ARCH = YES;
				SDKROOT = iphoneos;
				SWIFT_ACTIVE_COMPILATION_CONDITIONS = DEBUG;
				SWIFT_OPTIMIZATION_LEVEL = "-Onone";
			};
			name = Debug;
		};
		DC3F134B272F11C900D1C517 /* Release */ = {
			isa = XCBuildConfiguration;
			buildSettings = {
				ALWAYS_SEARCH_USER_PATHS = NO;
				CLANG_ANALYZER_NONNULL = YES;
				CLANG_ANALYZER_NUMBER_OBJECT_CONVERSION = YES_AGGRESSIVE;
				CLANG_CXX_LANGUAGE_STANDARD = "gnu++17";
				CLANG_CXX_LIBRARY = "libc++";
				CLANG_ENABLE_MODULES = YES;
				CLANG_ENABLE_OBJC_ARC = YES;
				CLANG_ENABLE_OBJC_WEAK = YES;
				CLANG_WARN_BLOCK_CAPTURE_AUTORELEASING = YES;
				CLANG_WARN_BOOL_CONVERSION = YES;
				CLANG_WARN_COMMA = YES;
				CLANG_WARN_CONSTANT_CONVERSION = YES;
				CLANG_WARN_DEPRECATED_OBJC_IMPLEMENTATIONS = YES;
				CLANG_WARN_DIRECT_OBJC_ISA_USAGE = YES_ERROR;
				CLANG_WARN_DOCUMENTATION_COMMENTS = YES;
				CLANG_WARN_EMPTY_BODY = YES;
				CLANG_WARN_ENUM_CONVERSION = YES;
				CLANG_WARN_INFINITE_RECURSION = YES;
				CLANG_WARN_INT_CONVERSION = YES;
				CLANG_WARN_NON_LITERAL_NULL_CONVERSION = YES;
				CLANG_WARN_OBJC_IMPLICIT_RETAIN_SELF = YES;
				CLANG_WARN_OBJC_LITERAL_CONVERSION = YES;
				CLANG_WARN_OBJC_ROOT_CLASS = YES_ERROR;
				CLANG_WARN_QUOTED_INCLUDE_IN_FRAMEWORK_HEADER = YES;
				CLANG_WARN_RANGE_LOOP_ANALYSIS = YES;
				CLANG_WARN_STRICT_PROTOTYPES = YES;
				CLANG_WARN_SUSPICIOUS_MOVE = YES;
				CLANG_WARN_UNGUARDED_AVAILABILITY = YES_AGGRESSIVE;
				CLANG_WARN_UNREACHABLE_CODE = YES;
				CLANG_WARN__DUPLICATE_METHOD_MATCH = YES;
				COPY_PHASE_STRIP = NO;
				DEBUG_INFORMATION_FORMAT = "dwarf-with-dsym";
				ENABLE_NS_ASSERTIONS = NO;
				ENABLE_STRICT_OBJC_MSGSEND = YES;
				GCC_C_LANGUAGE_STANDARD = gnu11;
				GCC_NO_COMMON_BLOCKS = YES;
				GCC_WARN_64_TO_32_BIT_CONVERSION = YES;
				GCC_WARN_ABOUT_RETURN_TYPE = YES_ERROR;
				GCC_WARN_UNDECLARED_SELECTOR = YES;
				GCC_WARN_UNINITIALIZED_AUTOS = YES_AGGRESSIVE;
				GCC_WARN_UNUSED_FUNCTION = YES;
				GCC_WARN_UNUSED_VARIABLE = YES;
				IPHONEOS_DEPLOYMENT_TARGET = 15.0;
				MTL_ENABLE_DEBUG_INFO = NO;
				MTL_FAST_MATH = YES;
				SDKROOT = iphoneos;
				SWIFT_COMPILATION_MODE = wholemodule;
				SWIFT_OPTIMIZATION_LEVEL = "-O";
				VALIDATE_PRODUCT = YES;
			};
			name = Release;
		};
		DC3F134D272F11C900D1C517 /* Debug */ = {
			isa = XCBuildConfiguration;
			buildSettings = {
				ASSETCATALOG_COMPILER_APPICON_NAME = AppIcon;
				ASSETCATALOG_COMPILER_GLOBAL_ACCENT_COLOR_NAME = AccentColor;
				CODE_SIGN_STYLE = Automatic;
				CURRENT_PROJECT_VERSION = 1;
				DEVELOPMENT_TEAM = 88RH8RT76F;
				GENERATE_INFOPLIST_FILE = YES;
				INFOPLIST_FILE = eventChecker/Info.plist;
				INFOPLIST_KEY_UIApplicationSupportsIndirectInputEvents = YES;
				INFOPLIST_KEY_UILaunchStoryboardName = LaunchScreen;
				INFOPLIST_KEY_UIMainStoryboardFile = Main;
				INFOPLIST_KEY_UISupportedInterfaceOrientations_iPad = "UIInterfaceOrientationPortrait UIInterfaceOrientationPortraitUpsideDown UIInterfaceOrientationLandscapeLeft UIInterfaceOrientationLandscapeRight";
				INFOPLIST_KEY_UISupportedInterfaceOrientations_iPhone = "UIInterfaceOrientationPortrait UIInterfaceOrientationLandscapeLeft UIInterfaceOrientationLandscapeRight";
				IPHONEOS_DEPLOYMENT_TARGET = 14.0;
				LD_RUNPATH_SEARCH_PATHS = (
					"$(inherited)",
					"@executable_path/Frameworks",
				);
				MARKETING_VERSION = 1.0;
				PRODUCT_BUNDLE_IDENTIFIER = AnatoliStepanuke.eventChecker;
				PRODUCT_NAME = "$(TARGET_NAME)";
				SUPPORTED_PLATFORMS = "iphoneos iphonesimulator";
				SUPPORTS_MACCATALYST = NO;
				SUPPORTS_MAC_DESIGNED_FOR_IPHONE_IPAD = YES;
				SWIFT_EMIT_LOC_STRINGS = YES;
				SWIFT_VERSION = 5.0;
				TARGETED_DEVICE_FAMILY = 1;
			};
			name = Debug;
		};
		DC3F134E272F11C900D1C517 /* Release */ = {
			isa = XCBuildConfiguration;
			buildSettings = {
				ASSETCATALOG_COMPILER_APPICON_NAME = AppIcon;
				ASSETCATALOG_COMPILER_GLOBAL_ACCENT_COLOR_NAME = AccentColor;
				CODE_SIGN_STYLE = Automatic;
				CURRENT_PROJECT_VERSION = 1;
				DEVELOPMENT_TEAM = 88RH8RT76F;
				GENERATE_INFOPLIST_FILE = YES;
				INFOPLIST_FILE = eventChecker/Info.plist;
				INFOPLIST_KEY_UIApplicationSupportsIndirectInputEvents = YES;
				INFOPLIST_KEY_UILaunchStoryboardName = LaunchScreen;
				INFOPLIST_KEY_UIMainStoryboardFile = Main;
				INFOPLIST_KEY_UISupportedInterfaceOrientations_iPad = "UIInterfaceOrientationPortrait UIInterfaceOrientationPortraitUpsideDown UIInterfaceOrientationLandscapeLeft UIInterfaceOrientationLandscapeRight";
				INFOPLIST_KEY_UISupportedInterfaceOrientations_iPhone = "UIInterfaceOrientationPortrait UIInterfaceOrientationLandscapeLeft UIInterfaceOrientationLandscapeRight";
				IPHONEOS_DEPLOYMENT_TARGET = 14.0;
				LD_RUNPATH_SEARCH_PATHS = (
					"$(inherited)",
					"@executable_path/Frameworks",
				);
				MARKETING_VERSION = 1.0;
				PRODUCT_BUNDLE_IDENTIFIER = AnatoliStepanuke.eventChecker;
				PRODUCT_NAME = "$(TARGET_NAME)";
				SUPPORTED_PLATFORMS = "iphoneos iphonesimulator";
				SUPPORTS_MACCATALYST = NO;
				SUPPORTS_MAC_DESIGNED_FOR_IPHONE_IPAD = YES;
				SWIFT_EMIT_LOC_STRINGS = YES;
				SWIFT_VERSION = 5.0;
				TARGETED_DEVICE_FAMILY = 1;
			};
			name = Release;
		};
/* End XCBuildConfiguration section */

/* Begin XCConfigurationList section */
		DC3F1330272F11C900D1C517 /* Build configuration list for PBXProject "eventChecker" */ = {
			isa = XCConfigurationList;
			buildConfigurations = (
				DC3F134A272F11C900D1C517 /* Debug */,
				DC3F134B272F11C900D1C517 /* Release */,
			);
			defaultConfigurationIsVisible = 0;
			defaultConfigurationName = Release;
		};
		DC3F134C272F11C900D1C517 /* Build configuration list for PBXNativeTarget "eventChecker" */ = {
			isa = XCConfigurationList;
			buildConfigurations = (
				DC3F134D272F11C900D1C517 /* Debug */,
				DC3F134E272F11C900D1C517 /* Release */,
			);
			defaultConfigurationIsVisible = 0;
			defaultConfigurationName = Release;
		};
/* End XCConfigurationList section */

/* Begin XCVersionGroup section */
		DC3F1341272F11C900D1C517 /* eventChecker.xcdatamodeld */ = {
			isa = XCVersionGroup;
			children = (
				DC3F1342272F11C900D1C517 /* eventChecker.xcdatamodel */,
			);
			currentVersion = DC3F1342272F11C900D1C517 /* eventChecker.xcdatamodel */;
			path = eventChecker.xcdatamodeld;
			sourceTree = "<group>";
			versionGroupType = wrapper.xcdatamodel;
		};
/* End XCVersionGroup section */
	};
	rootObject = DC3F132D272F11C900D1C517 /* Project object */;
}
